
Microsoft Visual Studio Solution File, Format Version 12.00
# Visual Studio 2015
Project("{FAE04EC0-301F-11D3-BF4B-00C04F79EFBC}") = "LdRA_Remaster.CSharp", "LdRA_Remaster.CSharp.csproj", "{BD096918-F3D8-1BFE-93D9-0D48A5C01970}"
EndProject
Project("{FAE04EC0-301F-11D3-BF4B-00C04F79EFBC}") = "LdRA_Remaster.CSharp.Plugins", "LdRA_Remaster.CSharp.Plugins.csproj", "{304ED509-A356-7CB8-9BD8-915B20820D52}"
EndProject
Project("{FAE04EC0-301F-11D3-BF4B-00C04F79EFBC}") = "LdRA_Remaster.CSharp.Editor.Plugins", "LdRA_Remaster.CSharp.Editor.Plugins.csproj", "{2B21E02E-9A32-F738-F3FB-F596D0EDBF88}"
EndProject
Global
	GlobalSection(SolutionConfigurationPlatforms) = preSolution
		Debug|Any CPU = Debug|Any CPU
		Release|Any CPU = Release|Any CPU
	EndGlobalSection
	GlobalSection(ProjectConfigurationPlatforms) = postSolution
		{BD096918-F3D8-1BFE-93D9-0D48A5C01970}.Debug|Any CPU.ActiveCfg = Debug|Any CPU
		{BD096918-F3D8-1BFE-93D9-0D48A5C01970}.Debug|Any CPU.Build.0 = Debug|Any CPU
		{BD096918-F3D8-1BFE-93D9-0D48A5C01970}.Release|Any CPU.ActiveCfg = Release|Any CPU
		{BD096918-F3D8-1BFE-93D9-0D48A5C01970}.Release|Any CPU.Build.0 = Release|Any CPU
		{304ED509-A356-7CB8-9BD8-915B20820D52}.Debug|Any CPU.ActiveCfg = Debug|Any CPU
		{304ED509-A356-7CB8-9BD8-915B20820D52}.Debug|Any CPU.Build.0 = Debug|Any CPU
		{304ED509-A356-7CB8-9BD8-915B20820D52}.Release|Any CPU.ActiveCfg = Release|Any CPU
		{304ED509-A356-7CB8-9BD8-915B20820D52}.Release|Any CPU.Build.0 = Release|Any CPU
		{2B21E02E-9A32-F738-F3FB-F596D0EDBF88}.Debug|Any CPU.ActiveCfg = Debug|Any CPU
		{2B21E02E-9A32-F738-F3FB-F596D0EDBF88}.Debug|Any CPU.Build.0 = Debug|Any CPU
		{2B21E02E-9A32-F738-F3FB-F596D0EDBF88}.Release|Any CPU.ActiveCfg = Release|Any CPU
		{2B21E02E-9A32-F738-F3FB-F596D0EDBF88}.Release|Any CPU.Build.0 = Release|Any CPU
	EndGlobalSection
	GlobalSection(SolutionProperties) = preSolution
		HideSolutionNode = FALSE
	EndGlobalSection
EndGlobal
